
Microsoft Visual Studio Solution File, Format Version 12.00
# Visual Studio 15
VisualStudioVersion = 15.0.26403.7
MinimumVisualStudioVersion = 10.0.40219.1
Project("{FAE04EC0-301F-11D3-BF4B-00C04F79EFBC}") = "WebApi", "WebApi.csproj", "{8548CDD1-B6D7-4485-9B87-1599D0C3931B}"
EndProject
Project("{D954291E-2A0B-460D-934E-DC6B0785DB48}") = "WebClient", "..\WebClient\WebClient.shproj", "{A2E9656A-2F30-4DC5-8F15-CDF814E4A21F}"
EndProject
Global
	GlobalSection(SharedMSBuildProjectFiles) = preSolution
		..\WebClient\WebClient.projitems*{a2e9656a-2f30-4dc5-8f15-cdf814e4a21f}*SharedItemsImports = 13
	EndGlobalSection
	GlobalSection(SolutionConfigurationPlatforms) = preSolution
		Debug|Any CPU = Debug|Any CPU
		Release|Any CPU = Release|Any CPU
	EndGlobalSection
	GlobalSection(ProjectConfigurationPlatforms) = postSolution
		{8548CDD1-B6D7-4485-9B87-1599D0C3931B}.Debug|Any CPU.ActiveCfg = Debug|Any CPU
		{8548CDD1-B6D7-4485-9B87-1599D0C3931B}.Debug|Any CPU.Build.0 = Debug|Any CPU
		{8548CDD1-B6D7-4485-9B87-1599D0C3931B}.Release|Any CPU.ActiveCfg = Release|Any CPU
		{8548CDD1-B6D7-4485-9B87-1599D0C3931B}.Release|Any CPU.Build.0 = Release|Any CPU
	EndGlobalSection
	GlobalSection(SolutionProperties) = preSolution
		HideSolutionNode = FALSE
	EndGlobalSection
EndGlobal
